// !$*UTF8*$!
{
	archiveVersion = 1;
	classes = {
	};
	objectVersion = 46;
	objects = {

/* Begin PBXBuildFile section */
		A59A52A01BE5420700BCA57B /* main.m in Sources */ = {isa = PBXBuildFile; fileRef = A59A529F1BE5420700BCA57B /* main.m */; };
		A59A52A81BE5424000BCA57B /* LHLOrderedDictionary.m in Sources */ = {isa = PBXBuildFile; fileRef = A59A52A71BE5424000BCA57B /* LHLOrderedDictionary.m */; };
/* End PBXBuildFile section */

/* Begin PBXCopyFilesBuildPhase section */
		A59A529A1BE5420700BCA57B /* CopyFiles */ = {
			isa = PBXCopyFilesBuildPhase;
			buildActionMask = 2147483647;
			dstPath = /usr/share/man/man1/;
			dstSubfolderSpec = 0;
			files = (
			);
			runOnlyForDeploymentPostprocessing = 1;
		};
/* End PBXCopyFilesBuildPhase section */

/* Begin PBXFileReference section */
		A59A529C1BE5420700BCA57B /* LHLOrderedDictionary */ = {isa = PBXFileReference; explicitFileType = "compiled.mach-o.executable"; includeInIndex = 0; path = LHLOrderedDictionary; sourceTree = BUILT_PRODUCTS_DIR; };
		A59A529F1BE5420700BCA57B /* main.m */ = {isa = PBXFileReference; lastKnownFileType = sourcecode.c.objc; path = main.m; sourceTree = "<group>"; };
		A59A52A61BE5424000BCA57B /* LHLOrderedDictionary.h */ = {isa = PBXFileReference; fileEncoding = 4; lastKnownFileType = sourcecode.c.h; path = LHLOrderedDictionary.h; sourceTree = "<group>"; };
		A59A52A71BE5424000BCA57B /* LHLOrderedDictionary.m */ = {isa = PBXFileReference; fileEncoding = 4; lastKnownFileType = sourcecode.c.objc; path = LHLOrderedDictionary.m; sourceTree = "<group>"; };
/* End PBXFileReference section */

/* Begin PBXFrameworksBuildPhase section */
		A59A52991BE5420700BCA57B /* Frameworks */ = {
			isa = PBXFrameworksBuildPhase;
			buildActionMask = 2147483647;
			files = (
			);
			runOnlyForDeploymentPostprocessing = 0;
		};
/* End PBXFrameworksBuildPhase section */

/* Begin PBXGroup section */
		A59A52931BE5420700BCA57B = {
			isa = PBXGroup;
			children = (
				A59A529E1BE5420700BCA57B /* LHLOrderedDictionary */,
				A59A529D1BE5420700BCA57B /* Products */,
			);
			sourceTree = "<group>";
		};
		A59A529D1BE5420700BCA57B /* Products */ = {
			isa = PBXGroup;
			children = (
				A59A529C1BE5420700BCA57B /* LHLOrderedDictionary */,
			);
			name = Products;
			sourceTree = "<group>";
		};
		A59A529E1BE5420700BCA57B /* LHLOrderedDictionary */ = {
			isa = PBXGroup;
			children = (
				A59A529F1BE5420700BCA57B /* main.m */,
				A59A52A61BE5424000BCA57B /* LHLOrderedDictionary.h */,
				A59A52A71BE5424000BCA57B /* LHLOrderedDictionary.m */,
			);
			path = LHLOrderedDictionary;
			sourceTree = "<group>";
		};
/* End PBXGroup section */

/* Begin PBXNativeTarget section */
		A59A529B1BE5420700BCA57B /* LHLOrderedDictionary */ = {
			isa = PBXNativeTarget;
			buildConfigurationList = A59A52A31BE5420700BCA57B /* Build configuration list for PBXNativeTarget "LHLOrderedDictionary" */;
			buildPhases = (
				A59A52981BE5420700BCA57B /* Sources */,
				A59A52991BE5420700BCA57B /* Frameworks */,
				A59A529A1BE5420700BCA57B /* CopyFiles */,
			);
			buildRules = (
			);
			dependencies = (
			);
			name = LHLOrderedDictionary;
			productName = LHLOrderedDictionary;
			productReference = A59A529C1BE5420700BCA57B /* LHLOrderedDictionary */;
			productType = "com.apple.product-type.tool";
		};
/* End PBXNativeTarget section */

/* Begin PBXProject section */
		A59A52941BE5420700BCA57B /* Project object */ = {
			isa = PBXProject;
			attributes = {
				LastUpgradeCheck = 0710;
				ORGANIZATIONNAME = "Cosmic Labs";
				TargetAttributes = {
					A59A529B1BE5420700BCA57B = {
						CreatedOnToolsVersion = 7.1;
					};
				};
			};
			buildConfigurationList = A59A52971BE5420700BCA57B /* Build configuration list for PBXProject "LHLOrderedDictionary" */;
			compatibilityVersion = "Xcode 3.2";
			developmentRegion = English;
			hasScannedForEncodings = 0;
			knownRegions = (
				en,
			);
			mainGroup = A59A52931BE5420700BCA57B;
			productRefGroup = A59A529D1BE5420700BCA57B /* Products */;
			projectDirPath = "";
			projectRoot = "";
			targets = (
				A59A529B1BE5420700BCA57B /* LHLOrderedDictionary */,
			);
		};
/* End PBXProject section */

/* Begin PBXSourcesBuildPhase section */
		A59A52981BE5420700BCA57B /* Sources */ = {
			isa = PBXSourcesBuildPhase;
			buildActionMask = 2147483647;
			files = (
				A59A52A81BE5424000BCA57B /* LHLOrderedDictionary.m in Sources */,
				A59A52A01BE5420700BCA57B /* main.m in Sources */,
			);
			runOnlyForDeploymentPostprocessing = 0;
		};
/* End PBXSourcesBuildPhase section */

/* Begin XCBuildConfiguration section */
		A59A52A11BE5420700BCA57B /* Debug */ = {
			isa = XCBuildConfiguration;
			buildSettings = {
				ALWAYS_SEARCH_USER_PATHS = NO;
				CLANG_CXX_LANGUAGE_STANDARD = "gnu++0x";
				CLANG_CXX_LIBRARY = "libc++";
				CLANG_ENABLE_MODULES = YES;
				CLANG_ENABLE_OBJC_ARC = YES;
				CLANG_WARN_BOOL_CONVERSION = YES;
				CLANG_WARN_CONSTANT_CONVERSION = YES;
				CLANG_WARN_DIRECT_OBJC_ISA_USAGE = YES_ERROR;
				CLANG_WARN_EMPTY_BODY = YES;
				CLANG_WARN_ENUM_CONVERSION = YES;
				CLANG_WARN_INT_CONVERSION = YES;
				CLANG_WARN_OBJC_ROOT_CLASS = YES_ERROR;
				CLANG_WARN_UNREACHABLE_CODE = YES;
				CLANG_WARN__DUPLICATE_METHOD_MATCH = YES;
				CODE_SIGN_IDENTITY = "-";
				COPY_PHASE_STRIP = NO;
				DEBUG_INFORMATION_FORMAT = dwarf;
				ENABLE_STRICT_OBJC_MSGSEND = YES;
				ENABLE_TESTABILITY = YES;
				GCC_C_LANGUAGE_STANDARD = gnu99;
				GCC_DYNAMIC_NO_PIC = NO;
				GCC_NO_COMMON_BLOCKS = YES;
				GCC_OPTIMIZATION_LEVEL = 0;
				GCC_PREPROCESSOR_DEFINITIONS = (
					"DEBUG=1",
					"$(inherited)",
				);
				GCC_WARN_64_TO_32_BIT_CONVERSION = YES;
				GCC_WARN_ABOUT_RETURN_TYPE = YES_ERROR;
				GCC_WARN_UNDECLARED_SELECTOR = YES;
				GCC_WARN_UNINITIALIZED_AUTOS = YES_AGGRESSIVE;
				GCC_WARN_UNUSED_FUNCTION = YES;
				GCC_WARN_UNUSED_VARIABLE = YES;
				MACOSX_DEPLOYMENT_TARGET = 10.11;
				MTL_ENABLE_DEBUG_INFO = YES;
				ONLY_ACTIVE_ARCH = YES;
				SDKROOT = macosx;
			};
			name = Debug;
		};
		A59A52A21BE5420700BCA57B /* Release */ = {
			isa = XCBuildConfiguration;
			buildSettings = {
				ALWAYS_SEARCH_USER_PATHS = NO;
				CLANG_CXX_LANGUAGE_STANDARD = "gnu++0x";
				CLANG_CXX_LIBRARY = "libc++";
				CLANG_ENABLE_MODULES = YES;
				CLANG_ENABLE_OBJC_ARC = YES;
				CLANG_WARN_BOOL_CONVERSION = YES;
				CLANG_WARN_CONSTANT_CONVERSION = YES;
				CLANG_WARN_DIRECT_OBJC_ISA_USAGE = YES_ERROR;
				CLANG_WARN_EMPTY_BODY = YES;
				CLANG_WARN_ENUM_CONVERSION = YES;
				CLANG_WARN_INT_CONVERSION = YES;
				CLANG_WARN_OBJC_ROOT_CLASS = YES_ERROR;
				CLANG_WARN_UNREACHABLE_CODE = YES;
				CLANG_WARN__DUPLICATE_METHOD_MATCH = YES;
				CODE_SIGN_IDENTITY = "-";
				COPY_PHASE_STRIP = NO;
				DEBUG_INFORMATION_FORMAT = "dwarf-with-dsym";
				ENABLE_NS_ASSERTIONS = NO;
				ENABLE_STRICT_OBJC_MSGSEND = YES;
				GCC_C_LANGUAGE_STANDARD = gnu99;
				GCC_NO_COMMON_BLOCKS = YES;
				GCC_WARN_64_TO_32_BIT_CONVERSION = YES;
				GCC_WARN_ABOUT_RETURN_TYPE = YES_ERROR;
				GCC_WARN_UNDECLARED_SELECTOR = YES;
				GCC_WARN_UNINITIALIZED_AUTOS = YES_AGGRESSIVE;
				GCC_WARN_UNUSED_FUNCTION = YES;
				GCC_WARN_UNUSED_VARIABLE = YES;
				MACOSX_DEPLOYMENT_TARGET = 10.11;
				MTL_ENABLE_DEBUG_INFO = NO;
				SDKROOT = macosx;
			};
			name = Release;
		};
		A59A52A41BE5420700BCA57B /* Debug */ = {
			isa = XCBuildConfiguration;
			buildSettings = {
				PRODUCT_NAME = "$(TARGET_NAME)";
			};
			name = Debug;
		};
		A59A52A51BE5420700BCA57B /* Release */ = {
			isa = XCBuildConfiguration;
			buildSettings = {
				PRODUCT_NAME = "$(TARGET_NAME)";
			};
			name = Release;
		};
/* End XCBuildConfiguration section */

/* Begin XCConfigurationList section */
		A59A52971BE5420700BCA57B /* Build configuration list for PBXProject "LHLOrderedDictionary" */ = {
			isa = XCConfigurationList;
			buildConfigurations = (
				A59A52A11BE5420700BCA57B /* Debug */,
				A59A52A21BE5420700BCA57B /* Release */,
			);
			defaultConfigurationIsVisible = 0;
			defaultConfigurationName = Release;
		};
		A59A52A31BE5420700BCA57B /* Build configuration list for PBXNativeTarget "LHLOrderedDictionary" */ = {
			isa = XCConfigurationList;
			buildConfigurations = (
				A59A52A41BE5420700BCA57B /* Debug */,
				A59A52A51BE5420700BCA57B /* Release */,
			);
			defaultConfigurationIsVisible = 0;
			defaultConfigurationName = Release;
		};
/* End XCConfigurationList section */
	};
	rootObject = A59A52941BE5420700BCA57B /* Project object */;
}
